name: ai_aws_langchain_20240524_win
channels:
  - conda-forge
  - defaults
dependencies:
  - aiohttp=3.9.5=py311ha68e1ae_0
  - aiosignal=1.3.1=pyhd8ed1ab_0
  - altair=5.3.0=pyhd8ed1ab_0
  - annotated-types=0.7.0=pyhd8ed1ab_0
  - anyio=4.3.0=pyhd8ed1ab_0
  - asttokens=2.4.1=pyhd8ed1ab_0
  - async-timeout=4.0.3=pyhd8ed1ab_0
  - attrs=23.2.0=pyh71513ae_0
  - aws-c-auth=0.7.8=hfc12bfc_2
  - aws-c-cal=0.6.9=h7f0e5be_2
  - aws-c-common=0.9.10=hcfcfb64_0
  - aws-c-compression=0.2.17=h7f0e5be_7
  - aws-c-event-stream=0.3.2=h51e6447_8
  - aws-c-http=0.7.14=h80119a0_3
  - aws-c-io=0.13.36=ha737126_3
  - aws-c-mqtt=0.9.10=hd6138de_2
  - aws-c-s3=0.4.4=h885c6ba_0
  - aws-c-sdkutils=0.1.13=h7f0e5be_0
  - aws-checksums=0.1.17=h7f0e5be_6
  - aws-crt-cpp=0.25.0=h196e575_0
  - aws-sdk-cpp=1.11.210=h0441c79_5
  - awscli=2.15.57=py311h1ea47a8_0
  - awscrt=0.19.19=py311h171eaac_2
  - blinker=1.8.2=pyhd8ed1ab_0
  - boto3=1.34.112=pyhd8ed1ab_0
  - brotli=1.1.0=hcfcfb64_1
  - brotli-bin=1.1.0=hcfcfb64_1
  - brotli-python=1.1.0=py311h12c1d0e_1
  - bzip2=1.0.8=hcfcfb64_5
  - c-ares=1.28.1=hcfcfb64_0
  - ca-certificates=2024.2.2=h56e8100_0
  - cachetools=5.3.3=pyhd8ed1ab_0
  - certifi=2024.2.2=pyhd8ed1ab_0
  - cffi=1.16.0=py311ha68e1ae_0
  - charset-normalizer=3.3.2=pyhd8ed1ab_0
  - click=8.1.7=win_pyh7428d3b_0
  - colorama=0.4.6=pyhd8ed1ab_0
  - comm=0.2.2=pyhd8ed1ab_0
  - contourpy=1.2.1=py311h005e61a_0
  - cryptography=40.0.2=py311h28e9c30_0
  - cycler=0.12.1=pyhd8ed1ab_0
  - dataclasses-json=0.6.6=pyhd8ed1ab_0
  - debugpy=1.8.1=py311h12c1d0e_0
  - decorator=5.1.1=pyhd8ed1ab_0
  - dill=0.3.8=pyhd8ed1ab_0
  - distro=1.8.0=pyhd8ed1ab_0
  - docutils=0.19=py311h1ea47a8_1
  - exceptiongroup=1.2.0=pyhd8ed1ab_2
  - executing=2.0.1=pyhd8ed1ab_0
  - fonttools=4.51.0=py311ha68e1ae_0
  - freetype=2.12.1=hdaf720e_2
  - frozenlist=1.4.1=py311ha68e1ae_0
  - gitdb=4.0.11=pyhd8ed1ab_0
  - gitpython=3.1.43=pyhd8ed1ab_0
  - glib=2.80.2=h0df6a38_0
  - glib-tools=2.80.2=h2f9d560_0
  - google-pasta=0.2.0=pyh8c360ce_0
  - greenlet=3.0.3=py311h12c1d0e_0
  - gst-plugins-base=1.24.3=hba88be7_0
  - gstreamer=1.24.3=h5006eae_0
  - h11=0.14.0=pyhd8ed1ab_0
  - h2=4.1.0=pyhd8ed1ab_0
  - hpack=4.0.0=pyh9f0ad1d_0
  - httpcore=1.0.5=pyhd8ed1ab_0
  - httpx=0.27.0=pyhd8ed1ab_0
  - hyperframe=6.0.1=pyhd8ed1ab_0
  - icu=73.2=h63175ca_0
  - idna=3.7=pyhd8ed1ab_0
  - importlib-metadata=7.1.0=pyha770c72_0
  - importlib_metadata=7.1.0=hd8ed1ab_0
  - importlib_resources=6.4.0=pyhd8ed1ab_0
  - intel-openmp=2024.1.0=h57928b3_966
  - ipython=8.17.2=pyh5737063_0
  - ipywidgets=8.1.2=pyhd8ed1ab_1
  - jedi=0.19.1=pyhd8ed1ab_0
  - jinja2=3.1.4=pyhd8ed1ab_0
  - jmespath=1.0.1=pyhd8ed1ab_0
  - joblib=1.4.2=pyhd8ed1ab_0
  - jsonpatch=1.33=pyhd8ed1ab_0
  - jsonpointer=2.4=py311h1ea47a8_3
  - jsonschema=4.22.0=pyhd8ed1ab_0
  - jsonschema-specifications=2023.12.1=pyhd8ed1ab_0
  - jupyter_client=8.6.2=pyhd8ed1ab_0
  - jupyter_core=5.7.2=py311h1ea47a8_0
  - jupyterlab_widgets=3.0.10=pyhd8ed1ab_0
  - kiwisolver=1.4.5=py311h005e61a_1
  - krb5=1.21.2=heb0366b_0
  - langsmith=0.1.63=pyhd8ed1ab_0
  - lcms2=2.16=h67d730c_0
  - lerc=4.0.0=h63175ca_0
  - libabseil=20230802.1=cxx17_h63175ca_0
  - libarrow=11.0.0=h97b458a_59_cpu
  - libblas=3.9.0=22_win64_mkl
  - libbrotlicommon=1.1.0=hcfcfb64_1
  - libbrotlidec=1.1.0=hcfcfb64_1
  - libbrotlienc=1.1.0=hcfcfb64_1
  - libcblas=3.9.0=22_win64_mkl
  - libclang13=18.1.5=default_hf64faad_0
  - libcrc32c=1.1.2=h0e60522_0
  - libcurl=8.8.0=hd5e4a3a_0
  - libdeflate=1.20=hcfcfb64_0
  - libevent=2.1.12=h3671451_1
  - libexpat=2.6.2=h63175ca_0
  - libffi=3.4.2=h8ffe710_5
  - libglib=2.80.2=h0df6a38_0
  - libgoogle-cloud=2.12.0=hc7cbac0_5
  - libgrpc=1.60.1=h0bf0bfa_0
  - libhwloc=2.10.0=default_h8125262_1001
  - libiconv=1.17=hcfcfb64_2
  - libintl=0.22.5=h5728263_2
  - libintl-devel=0.22.5=h5728263_2
  - libjpeg-turbo=3.0.0=hcfcfb64_1
  - liblapack=3.9.0=22_win64_mkl
  - libogg=1.3.4=h8ffe710_1
  - libpng=1.6.43=h19919ed_0
  - libprotobuf=4.25.1=hb8276f3_2
  - libre2-11=2023.09.01=h8c5ae5e_1
  - libsodium=1.0.18=h8d14728_1
  - libsqlite=3.45.3=hcfcfb64_0
  - libssh2=1.11.0=h7dfc565_0
  - libthrift=0.19.0=ha2b3283_1
  - libtiff=4.6.0=hddb2be6_3
  - libutf8proc=2.8.0=h82a8f57_0
  - libvorbis=1.3.7=h0e60522_0
  - libwebp-base=1.4.0=hcfcfb64_0
  - libxcb=1.15=hcd874cb_0
  - libxml2=2.12.7=h283a6d9_0
  - libzlib=1.2.13=hcfcfb64_5
  - lz4-c=1.9.4=hcfcfb64_0
  - m2w64-gcc-libgfortran=5.3.0=6
  - m2w64-gcc-libs=5.3.0=7
  - m2w64-gcc-libs-core=5.3.0=7
  - m2w64-gmp=6.1.0=2
  - m2w64-libwinpthread-git=5.0.0.4634.697f757=2
  - markdown-it-py=3.0.0=pyhd8ed1ab_0
  - markupsafe=2.1.5=py311ha68e1ae_0
  - marshmallow=3.21.2=pyhd8ed1ab_0
  - matplotlib=3.8.4=py311h1ea47a8_2
  - matplotlib-base=3.8.4=py311h9b31f6e_2
  - matplotlib-inline=0.1.7=pyhd8ed1ab_0
  - mdurl=0.1.2=pyhd8ed1ab_0
  - mkl=2024.1.0=h66d3029_692
  - msys2-conda-epoch=20160418=1
  - multidict=6.0.5=py311ha68e1ae_0
  - multiprocess=0.70.16=py311ha68e1ae_0
  - munkres=1.1.4=pyh9f0ad1d_0
  - mypy_extensions=1.0.0=pyha770c72_0
  - nest-asyncio=1.6.0=pyhd8ed1ab_0
  - numpy=1.26.4=py311h0b4df5a_0
  - openai=1.30.3=pyhd8ed1ab_0
  - openjpeg=2.5.2=h3d672ee_0
  - openssl=3.3.0=h2466b09_3
  - orc=1.9.2=hf6f83f4_1
  - orjson=3.10.3=py311h633b200_0
  - packaging=23.2=pyhd8ed1ab_0
  - pandas=2.2.2=py311hcf9f919_1
  - parso=0.8.4=pyhd8ed1ab_0
  - pathlib=1.0.1=py311h1ea47a8_7
  - pathos=0.3.2=pyhd8ed1ab_1
  - patsy=0.5.6=pyhd8ed1ab_0
  - pcre2=10.43=h17e33f8_0
  - pickleshare=0.7.5=py_1003
  - pillow=10.3.0=py311h6819b35_0
  - pip=24.0=pyhd8ed1ab_0
  - pkgutil-resolve-name=1.3.10=pyhd8ed1ab_1
  - platformdirs=4.2.2=pyhd8ed1ab_0
  - ply=3.11=pyhd8ed1ab_2
  - pox=0.3.4=pyhd8ed1ab_0
  - ppft=1.7.6.8=pyhd8ed1ab_0
  - prompt-toolkit=3.0.38=pyha770c72_0
  - prompt_toolkit=3.0.38=hd8ed1ab_0
  - protobuf=4.25.1=py311h72e314b_0
  - protobuf3-to-dict=0.1.5=py311h1ea47a8_8
  - psutil=5.9.8=py311ha68e1ae_0
  - pthread-stubs=0.4=hcd874cb_1001
  - pthreads-win32=2.9.1=hfa6e2cd_3
  - pure_eval=0.2.2=pyhd8ed1ab_0
  - pyarrow=11.0.0=py311h6a6099b_59_cpu
  - pycparser=2.22=pyhd8ed1ab_0
  - pydantic-core=2.18.2=py311h533ab2d_0
  - pydeck=0.8.0=pyhd8ed1ab_0
  - pygments=2.18.0=pyhd8ed1ab_0
  - pyopenssl=23.1.1=pyhd8ed1ab_0
  - pyparsing=3.1.2=pyhd8ed1ab_0
  - pyqt=5.15.9=py311h125bc19_5
  - pyqt5-sip=12.12.2=py311h12c1d0e_5
  - pysocks=1.7.1=pyh0701188_6
  - python=3.11.9=h631f459_0_cpython
  - python-dateutil=2.8.2=pyhd8ed1ab_0
  - python-dotenv=1.0.1=pyhd8ed1ab_0
  - python-tzdata=2024.1=pyhd8ed1ab_0
  - python_abi=3.11=4_cp311
  - pytz=2024.1=pyhd8ed1ab_0
  - pywin32=306=py311h12c1d0e_2
  - pyyaml=6.0.1=py311ha68e1ae_1
  - pyzmq=26.0.3=py311h484c95c_0
  - qt-main=5.15.8=hcef0176_21
  - re2=2023.09.01=hd3b24a8_1
  - referencing=0.35.1=pyhd8ed1ab_0
  - regex=2024.5.15=py311he736701_0
  - requests=2.32.2=pyhd8ed1ab_0
  - rich=13.7.1=pyhd8ed1ab_0
  - rpds-py=0.18.1=py311h533ab2d_0
  - ruamel.yaml=0.17.21=py311ha68e1ae_3
  - ruamel.yaml.clib=0.2.7=py311ha68e1ae_2
  - s3transfer=0.10.1=pyhd8ed1ab_0
  - sagemaker=2.75.1=pyhd8ed1ab_0
  - scikit-learn=1.5.0=py311hdcb8d17_1
  - scipy=1.13.1=py311hd4686c6_0
  - seaborn=0.13.2=hd8ed1ab_2
  - seaborn-base=0.13.2=pyhd8ed1ab_2
  - setuptools=70.0.0=pyhd8ed1ab_0
  - sip=6.7.12=py311h12c1d0e_0
  - six=1.16.0=pyh6c4a22f_0
  - smdebug-rulesconfig=1.0.1=pyhd3deb0d_1
  - smmap=5.0.0=pyhd8ed1ab_0
  - snappy=1.1.10=hfb803bf_1
  - sniffio=1.3.1=pyhd8ed1ab_0
  - sqlalchemy=2.0.30=py311he736701_0
  - stack_data=0.6.2=pyhd8ed1ab_0
  - statsmodels=0.14.2=py311h0a17f05_0
  - streamlit=1.35.0=pyhd8ed1ab_0
  - tbb=2021.12.0=hc790b64_1
  - tenacity=8.3.0=pyhd8ed1ab_0
  - threadpoolctl=3.5.0=pyhc1e730c_0
  - tiktoken=0.5.2=py311h91c4a10_0
  - tk=8.6.13=h5226925_1
  - toml=0.10.2=pyhd8ed1ab_0
  - tomli=2.0.1=pyhd8ed1ab_0
  - toolz=0.12.1=pyhd8ed1ab_0
  - tornado=6.4=py311ha68e1ae_0
  - tqdm=4.66.4=pyhd8ed1ab_0
  - traitlets=5.14.3=pyhd8ed1ab_0
  - typing-extensions=4.11.0=hd8ed1ab_0
  - typing_extensions=4.11.0=pyha770c72_0
  - typing_inspect=0.9.0=pyhd8ed1ab_0
  - tzdata=2024a=h0c530f3_0
  - tzlocal=5.2=py311h1ea47a8_0
  - ucrt=10.0.22621.0=h57928b3_0
  - urllib3=1.26.18=pyhd8ed1ab_0
  - validators=0.28.2=pyhd8ed1ab_0
  - vc=14.3=ha32ba9b_20
  - vc14_runtime=14.38.33135=h835141b_20
  - vs2015_runtime=14.38.33135=h22015db_20
  - watchdog=4.0.1=py311h1ea47a8_0
  - wcwidth=0.2.13=pyhd8ed1ab_0
  - wheel=0.43.0=pyhd8ed1ab_1
  - widgetsnbextension=4.0.10=pyhd8ed1ab_0
  - win_inet_pton=1.1.0=pyhd8ed1ab_6
  - xorg-libxau=1.0.11=hcd874cb_0
  - xorg-libxdmcp=1.1.3=hcd874cb_0
  - xz=5.2.6=h8d14728_0
  - yaml=0.2.5=h8ffe710_2
  - yarl=1.9.4=py311ha68e1ae_0
  - zeromq=4.3.5=he1f189c_4
  - zipp=3.17.0=pyhd8ed1ab_0
  - zstd=1.5.6=h0ea2cb4_0
  - pip:
      - aiobotocore==2.13.0
      - aioitertools==0.11.0
      - argparse==1.4.0
      - authlib==1.3.0
      - botocore==1.34.106
      - datetime==5.5
      - fsspec==2023.12.2
      - gcsfs==2023.12.2.post1
      - google-api-core==2.19.0
      - google-auth==2.29.0
      - google-auth-oauthlib==1.2.0
      - google-cloud-core==2.4.1
      - google-cloud-storage==2.16.0
      - google-crc32c==1.5.0
      - google-resumable-media==2.7.0
      - googleapis-common-protos==1.63.0
      - grpcio==1.64.0
      - ipykernel==6.29.4
      - langchain==0.2.1
      - langchain-community==0.2.1
      - langchain-core==0.2.1
      - langchain-text-splitters==0.2.0
      - lz4==4.3.3
      - oauthlib==3.2.2
      - pinecone-client==4.1.0
      - pinecone-datasets==0.6.0
      - proto-plus==1.23.0
      - protoc-gen-openapiv2==0.0.1
      - pyasn1==0.6.0
      - pyasn1-modules==0.4.0
      - pydantic==1.10.15
      - replicate==0.26.0
      - requests-oauthlib==2.0.0
      - rsa==4.9
      - s3fs==2023.12.2
      - weaviate-client==3.26.2
      - wrapt==1.16.0
      - zope-interface==6.4.post2
prefix: C:\Users\CarlosMirandaDurand\miniconda3\envs\ai_aws_langchain_20240524_win
