name: azure_datascience_20230924_win
channels:
  - conda-forge
  - defaults
dependencies:
  - aiohttp=3.8.5=py311ha68e1ae_0
  - aiosignal=1.3.1=pyhd8ed1ab_0
  - anyio=3.7.1=pyhd8ed1ab_0
  - appdirs=1.4.4=pyh9f0ad1d_0
  - asn1crypto=1.5.1=pyhd8ed1ab_0
  - async-timeout=4.0.3=pyhd8ed1ab_0
  - attrs=23.1.0=pyh71513ae_1
  - aws-c-auth=0.7.3=hd125877_3
  - aws-c-cal=0.6.2=h04c9df6_1
  - aws-c-common=0.9.0=hcfcfb64_0
  - aws-c-compression=0.2.17=h04c9df6_2
  - aws-c-event-stream=0.3.2=h495bb32_0
  - aws-c-http=0.7.12=h0890e15_1
  - aws-c-io=0.13.32=h83b3346_3
  - aws-c-mqtt=0.9.6=h0fd1aac_0
  - aws-c-s3=0.3.17=h9f49523_0
  - aws-c-sdkutils=0.1.12=h04c9df6_1
  - aws-checksums=0.1.17=h04c9df6_1
  - aws-crt-cpp=0.23.1=hfd73fcf_2
  - aws-sdk-cpp=1.11.156=h03febf0_2
  - backports=1.0=pyhd8ed1ab_3
  - backports.functools_lru_cache=1.6.5=pyhd8ed1ab_0
  - brotli=1.1.0=hcfcfb64_0
  - brotli-bin=1.1.0=hcfcfb64_0
  - brotlipy=0.7.0=py311ha68e1ae_1005
  - bzip2=1.0.8=h8ffe710_4
  - c-ares=1.19.1=hcfcfb64_0
  - ca-certificates=2023.7.22=h56e8100_0
  - cachetools=5.3.1=pyhd8ed1ab_0
  - catalogue=2.0.9=py311h1ea47a8_0
  - certifi=2023.7.22=pyhd8ed1ab_0
  - cffi=1.15.1=py311ha68e1ae_5
  - charset-normalizer=3.2.0=pyhd8ed1ab_0
  - click=8.1.7=win_pyh7428d3b_0
  - colorama=0.4.6=pyhd8ed1ab_0
  - confection=0.1.3=py311h3810d55_0
  - contourpy=1.1.1=py311h005e61a_1
  - cryptography=41.0.4=py311h28e9c30_0
  - cycler=0.11.0=pyhd8ed1ab_0
  - cymem=2.0.8=py311h12c1d0e_1
  - cython-blis=0.7.10=py311h59ca53f_1
  - dataclasses=0.8=pyhc8e2a94_3
  - dataclasses-json=0.5.7=pyhd8ed1ab_0
  - datasets=2.14.5=pyhd8ed1ab_0
  - dill=0.3.7=pyhd8ed1ab_0
  - docker-pycreds=0.4.0=py_0
  - et_xmlfile=1.1.0=pyhd8ed1ab_0
  - exceptiongroup=1.1.3=pyhd8ed1ab_0
  - filelock=3.12.4=pyhd8ed1ab_0
  - fonttools=4.42.1=py311ha68e1ae_0
  - freetype=2.12.1=hdaf720e_2
  - frozenlist=1.4.0=py311ha68e1ae_1
  - fsspec=2023.6.0=pyh1a96a4e_0
  - ftfy=6.1.1=pyhd8ed1ab_0
  - gettext=0.21.1=h5728263_0
  - gitdb=4.0.10=pyhd8ed1ab_0
  - gitpython=3.1.37=pyhd8ed1ab_0
  - glib=2.78.0=h12be248_0
  - glib-tools=2.78.0=h12be248_0
  - google-api-core=2.11.1=pyhd8ed1ab_0
  - google-auth=2.23.0=pyh1a96a4e_1
  - googleapis-common-protos=1.60.0=pyhd8ed1ab_0
  - greenlet=2.0.2=py311h12c1d0e_1
  - gst-plugins-base=1.22.6=h001b923_0
  - gstreamer=1.22.6=hb4038d2_0
  - huggingface_hub=0.17.2=pyhd8ed1ab_0
  - icu=73.2=h63175ca_0
  - idna=3.4=pyhd8ed1ab_0
  - importlib-metadata=6.8.0=pyha770c72_0
  - importlib_metadata=6.8.0=hd8ed1ab_0
  - intel-openmp=2023.2.0=h57928b3_49503
  - jinja2=3.1.2=pyhd8ed1ab_1
  - joblib=1.3.2=pyhd8ed1ab_0
  - jsonpatch=1.33=pyhd8ed1ab_0
  - jsonpointer=2.4=py311h1ea47a8_3
  - kiwisolver=1.4.5=py311h005e61a_1
  - krb5=1.21.2=heb0366b_0
  - langchain=0.0.300=pyhd8ed1ab_0
  - langcodes=3.3.0=pyhd8ed1ab_0
  - langsmith=0.0.40=pyhd8ed1ab_0
  - lcms2=2.15=he9d350c_2
  - lerc=4.0.0=h63175ca_0
  - libabseil=20230802.1=cxx17_h63175ca_0
  - libarrow=13.0.0=h1e3473c_4_cpu
  - libblas=3.9.0=18_win64_mkl
  - libbrotlicommon=1.1.0=hcfcfb64_0
  - libbrotlidec=1.1.0=hcfcfb64_0
  - libbrotlienc=1.1.0=hcfcfb64_0
  - libcblas=3.9.0=18_win64_mkl
  - libclang=15.0.7=default_h77d9078_3
  - libclang13=15.0.7=default_h77d9078_3
  - libcrc32c=1.1.2=h0e60522_0
  - libcurl=8.3.0=hd5e4a3a_0
  - libdeflate=1.19=hcfcfb64_0
  - libevent=2.1.12=h3671451_1
  - libexpat=2.5.0=h63175ca_1
  - libffi=3.4.2=h8ffe710_5
  - libglib=2.78.0=he8f3873_0
  - libgoogle-cloud=2.12.0=h0a0a397_2
  - libgrpc=1.57.0=h550f6bd_1
  - libhwloc=2.9.2=default_haede6df_1009
  - libiconv=1.17=h8ffe710_0
  - libjpeg-turbo=2.1.5.1=hcfcfb64_1
  - liblapack=3.9.0=18_win64_mkl
  - libogg=1.3.4=h8ffe710_1
  - libpng=1.6.39=h19919ed_0
  - libprotobuf=4.23.4=hb8276f3_6
  - libsentencepiece=0.1.99=hf6423a9_2
  - libsqlite=3.43.0=hcfcfb64_0
  - libssh2=1.11.0=h7dfc565_0
  - libthrift=0.19.0=h06f6336_0
  - libtiff=4.6.0=h4554b19_1
  - libutf8proc=2.8.0=h82a8f57_0
  - libvorbis=1.3.7=h0e60522_0
  - libwebp-base=1.3.2=hcfcfb64_0
  - libxcb=1.15=hcd874cb_0
  - libxml2=2.11.5=hc3477c8_1
  - libzlib=1.2.13=hcfcfb64_5
  - lz4-c=1.9.4=hcfcfb64_0
  - m2w64-gcc-libgfortran=5.3.0=6
  - m2w64-gcc-libs=5.3.0=7
  - m2w64-gcc-libs-core=5.3.0=7
  - m2w64-gmp=6.1.0=2
  - m2w64-libwinpthread-git=5.0.0.4634.697f757=2
  - markdown-it-py=3.0.0=pyhd8ed1ab_0
  - markupsafe=2.1.3=py311ha68e1ae_1
  - marshmallow=3.20.1=pyhd8ed1ab_0
  - marshmallow-enum=1.5.1=pyh9f0ad1d_3
  - matplotlib=3.8.0=py311h1ea47a8_1
  - matplotlib-base=3.8.0=py311h6e989c2_1
  - mdurl=0.1.0=pyhd8ed1ab_0
  - mkl=2022.1.0=h6a75c08_874
  - msys2-conda-epoch=20160418=1
  - multidict=6.0.4=py311ha68e1ae_0
  - multiprocess=0.70.15=py311ha68e1ae_1
  - munkres=1.1.4=pyh9f0ad1d_0
  - murmurhash=1.0.10=py311h12c1d0e_1
  - mypy_extensions=1.0.0=pyha770c72_0
  - numexpr=2.8.4=mkl_py311h9a3bfb6_1
  - numpy=1.26.0=py311h0b4df5a_0
  - openai=0.28.0=pyhd8ed1ab_0
  - openapi-schema-pydantic=1.2.4=pyhd8ed1ab_0
  - openjpeg=2.5.0=h3d672ee_3
  - openpyxl=3.1.2=py311ha68e1ae_1
  - openssl=3.1.3=hcfcfb64_0
  - orc=1.9.0=h8dbeef6_2
  - oscrypto=1.2.1=pyhd3deb0d_0
  - packaging=23.1=pyhd8ed1ab_0
  - pandas=2.0.3=py311hf63dbb6_1
  - pandas-stubs=2.0.3.230814=pyhd8ed1ab_0
  - pathtools=0.1.2=py_1
  - pathy=0.10.2=pyhd8ed1ab_0
  - pcre2=10.40=h17e33f8_0
  - pillow=10.0.1=py311hd926f49_1
  - pip=23.2.1=pyhd8ed1ab_0
  - platformdirs=3.8.1=pyhd8ed1ab_0
  - plotly=5.17.0=pyhd8ed1ab_0
  - ply=3.11=py_1
  - preshed=3.0.8=py311h12c1d0e_1
  - protobuf=4.23.4=py311h72e314b_3
  - psutil=5.9.5=py311ha68e1ae_1
  - pthread-stubs=0.4=hcd874cb_1001
  - pthreads-win32=2.9.1=hfa6e2cd_3
  - pyarrow=13.0.0=py311h6a6099b_4_cpu
  - pyasn1=0.5.0=pyhd8ed1ab_0
  - pyasn1-modules=0.3.0=pyhd8ed1ab_0
  - pycparser=2.21=pyhd8ed1ab_0
  - pycryptodomex=3.19.0=py311ha68e1ae_1
  - pydantic=1.10.12=py311ha68e1ae_1
  - pygments=2.16.1=pyhd8ed1ab_0
  - pyjwt=2.8.0=pyhd8ed1ab_0
  - pyodbc=4.0.39=py311h12c1d0e_0
  - pyopenssl=23.2.0=pyhd8ed1ab_1
  - pyparsing=3.1.1=pyhd8ed1ab_0
  - pyqt=5.15.9=py311h125bc19_5
  - pyqt5-sip=12.12.2=py311h12c1d0e_5
  - pysocks=1.7.1=pyh0701188_6
  - python=3.11.5=h2628c8c_0_cpython
  - python-dateutil=2.8.2=pyhd8ed1ab_0
  - python-tzdata=2023.3=pyhd8ed1ab_0
  - python-xxhash=3.3.0=py311ha68e1ae_1
  - python_abi=3.11=4_cp311
  - pytz=2023.3.post1=pyhd8ed1ab_0
  - pyu2f=0.1.5=pyhd8ed1ab_0
  - pyyaml=6.0.1=py311ha68e1ae_1
  - qt-main=5.15.8=he5a7383_16
  - re2=2023.03.02=hd4eee63_0
  - regex=2023.8.8=py311ha68e1ae_1
  - requests=2.31.0=pyhd8ed1ab_0
  - rich=13.5.3=pyhd8ed1ab_0
  - rsa=4.9=pyhd8ed1ab_0
  - sacremoses=0.0.53=pyhd8ed1ab_0
  - safetensors=0.3.3=py311hc37eb10_1
  - scikit-learn=1.3.1=py311h142b183_0
  - scipy=1.11.2=py311h37ff6ca_1
  - sentencepiece=0.1.99=h1ea47a8_2
  - sentencepiece-python=0.1.99=py311hcad2e8b_2
  - sentencepiece-spm=0.1.99=hf6423a9_2
  - sentry-sdk=1.31.0=pyhd8ed1ab_0
  - setproctitle=1.3.2=py311ha68e1ae_2
  - setuptools=68.2.2=pyhd8ed1ab_0
  - shellingham=1.5.3=pyhd8ed1ab_0
  - sip=6.7.11=py311h12c1d0e_1
  - six=1.16.0=pyh6c4a22f_0
  - smart_open=5.2.1=pyhd8ed1ab_0
  - smmap=3.0.5=pyh44b312d_0
  - snappy=1.1.10=hfb803bf_0
  - sniffio=1.3.0=pyhd8ed1ab_0
  - snowflake-connector-python=3.2.0=py311hfbb06b5_0
  - sortedcontainers=2.4.0=pyhd8ed1ab_0
  - spacy=3.6.1=py311h12feb9d_0
  - spacy-legacy=3.0.12=pyhd8ed1ab_0
  - spacy-loggers=1.0.5=pyhd8ed1ab_0
  - sqlalchemy=2.0.21=py311ha68e1ae_0
  - srsly=2.4.7=py311h12c1d0e_0
  - stringcase=1.2.0=py_0
  - tbb=2021.10.0=h91493d7_0
  - tenacity=8.2.3=pyhd8ed1ab_0
  - thinc=8.1.12=py311h12feb9d_0
  - threadpoolctl=3.2.0=pyha21a80b_0
  - tiktoken=0.3.3=py311h91c4a10_0
  - tk=8.6.13=hcfcfb64_0
  - tokenizers=0.13.3=py311h91c4a10_0
  - toml=0.10.2=pyhd8ed1ab_0
  - tomli=2.0.1=pyhd8ed1ab_0
  - tomlkit=0.12.1=pyha770c72_0
  - tornado=6.3.3=py311ha68e1ae_1
  - tqdm=4.66.1=pyhd8ed1ab_0
  - transformers=4.33.2=pyhd8ed1ab_0
  - typer=0.9.0=pyhd8ed1ab_0
  - types-pytz=2023.3.1.1=pyhd8ed1ab_0
  - typing-extensions=4.8.0=hd8ed1ab_0
  - typing_extensions=4.8.0=pyha770c72_0
  - typing_inspect=0.9.0=pyhd8ed1ab_0
  - tzdata=2023c=h71feb2d_0
  - ucrt=10.0.22621.0=h57928b3_0
  - urllib3=1.26.15=pyhd8ed1ab_0
  - vc=14.3=h64f974e_17
  - vc14_runtime=14.36.32532=hdcecf7f_17
  - vs2015_runtime=14.36.32532=h05e6639_17
  - wandb=0.15.11=pyhd8ed1ab_0
  - wasabi=1.1.2=py311h1ea47a8_0
  - wcwidth=0.2.6=pyhd8ed1ab_0
  - wheel=0.41.2=pyhd8ed1ab_0
  - win_inet_pton=1.1.0=pyhd8ed1ab_6
  - xorg-libxau=1.0.11=hcd874cb_0
  - xorg-libxdmcp=1.1.3=hcd874cb_0
  - xxhash=0.8.2=hcfcfb64_0
  - xz=5.2.6=h8d14728_0
  - yaml=0.2.5=h8ffe710_2
  - yarl=1.9.2=py311ha68e1ae_0
  - zipp=3.17.0=pyhd8ed1ab_0
  - zstd=1.5.5=h12be248_0
  - pip:
      - alembic==1.12.0
      - argparse==1.4.0
      - asttokens==2.4.0
      - azure-ai-ml==1.10.1
      - azure-common==1.1.28
      - azure-core==1.29.4
      - azure-devops==7.1.0b3
      - azure-identity==1.14.0
      - azure-keyvault-secrets==4.7.0
      - azure-mgmt-core==1.4.0
      - azure-storage-blob==12.18.1
      - azure-storage-file-datalake==12.13.1
      - azure-storage-file-share==12.14.1
      - backcall==0.2.0
      - beautifulsoup4==4.12.2
      - blinker==1.6.2
      - catboost==1.2.2
      - cloudpickle==2.2.1
      - comm==0.1.4
      - databricks-cli==0.17.8
      - datetime==5.2
      - debugpy==1.8.0
      - decorator==5.1.1
      - dnspython==2.4.2
      - docker==6.1.3
      - entrypoints==0.4
      - executing==1.2.0
      - flask==2.3.3
      - frozendict==2.3.8
      - html5lib==1.1
      - ipykernel==6.25.2
      - ipython==8.15.0
      - isodate==0.6.1
      - itsdangerous==2.1.2
      - jedi==0.19.0
      - jsonschema==4.19.1
      - jsonschema-specifications==2023.7.1
      - jupyter-client==8.3.1
      - jupyter-core==5.3.1
      - loguru==0.7.2
      - lxml==4.9.3
      - mako==1.2.4
      - markdown==3.4.4
      - matplotlib-inline==0.1.6
      - mlflow==2.7.1
      - msal==1.24.0
      - msal-extensions==1.0.0
      - msrest==0.7.1
      - multitasking==0.0.11
      - nest-asyncio==1.5.8
      - nltk==3.8.1
      - oauthlib==3.2.2
      - opencensus==0.11.3
      - opencensus-context==0.1.3
      - opencensus-ext-azure==1.1.10
      - parso==0.8.3
      - pathlib==1.0.1
      - peewee==3.16.3
      - pickleshare==0.7.5
      - pinecone-client==2.2.4
      - portalocker==2.8.2
      - prompt-toolkit==3.0.39
      - pure-eval==0.2.2
      - pydash==5.1.2
      - python-dotenv==1.0.0
      - python-graphviz==0.20.1
      - pywin32==306
      - pyzmq==25.1.1
      - querystring-parser==1.2.4
      - referencing==0.30.2
      - requests-oauthlib==1.3.1
      - rpds-py==0.10.3
      - soupsieve==2.5
      - spacy-llm==0.5.1
      - sqlparse==0.4.4
      - stack-data==0.6.2
      - strictyaml==1.7.3
      - tabulate==0.9.0
      - traitlets==5.10.0
      - waitress==2.1.2
      - webencodings==0.5.1
      - websocket-client==1.6.3
      - werkzeug==2.3.7
      - win32-setctime==1.1.0
      - yfinance==0.2.30
      - zope-interface==6.0
prefix: C:\Users\CarlosMirandaDurand\miniconda3\envs\azure_datascience_20230924_win
